
Microsoft Visual Studio Solution File, Format Version 12.00
# Visual Studio Version 17
VisualStudioVersion = 17.5.002.0
MinimumVisualStudioVersion = 10.0.40219.1
Project("{2150E333-8FDC-42A3-9474-1A3956D46DE8}") = "csharp-prep", "csharp-prep", "{CD3B6CE9-182B-431E-BC86-0C9D6BE8B19F}"
EndProject
Project("{9A19103F-16F7-4668-BE54-9A1E7A4F7556}") = "Prep1", "csharp-prep\Prep1\Prep1.csproj", "{927E0162-1536-4254-A9DA-76BD4A8CC304}"
EndProject
Project("{9A19103F-16F7-4668-BE54-9A1E7A4F7556}") = "Prep2", "csharp-prep\Prep2\Prep2.csproj", "{C29576B9-263E-40C7-8E41-2A3CB3C4EBAA}"
EndProject
Project("{9A19103F-16F7-4668-BE54-9A1E7A4F7556}") = "Prep3", "csharp-prep\Prep3\Prep3.csproj", "{41D8093E-C8B9-44F0-AA85-967796930FCB}"
EndProject
Project("{9A19103F-16F7-4668-BE54-9A1E7A4F7556}") = "Prep4", "csharp-prep\Prep4\Prep4.csproj", "{516A9C11-5B40-4835-B290-14AEB2B8002F}"
EndProject
Project("{9A19103F-16F7-4668-BE54-9A1E7A4F7556}") = "Prep5", "csharp-prep\Prep5\Prep5.csproj", "{76CD7A7D-81F6-44D9-8915-E1FBD2C71F17}"
EndProject
Project("{2150E333-8FDC-42A3-9474-1A3956D46DE8}") = "final", "final", "{EBD74BBA-80A7-428C-85AB-DAE21EB65A0D}"
EndProject
Project("{9A19103F-16F7-4668-BE54-9A1E7A4F7556}") = "FinalProject", "final\FinalProject\FinalProject.csproj", "{90897E2E-ECD3-4E48-A451-2B1D47FFD997}"
EndProject
Project("{9A19103F-16F7-4668-BE54-9A1E7A4F7556}") = "Foundation1", "final\Foundation1\Foundation1.csproj", "{EDE55C6B-C158-433F-AAA4-D734319153E5}"
EndProject
Project("{9A19103F-16F7-4668-BE54-9A1E7A4F7556}") = "Foundation2", "final\Foundation2\Foundation2.csproj", "{09EA4578-79CD-4BE7-BFE8-E6C1DE1686E0}"
EndProject
Project("{9A19103F-16F7-4668-BE54-9A1E7A4F7556}") = "Foundation3", "final\Foundation3\Foundation3.csproj", "{9B83320E-69AC-4229-B6CD-153C9C8127F6}"
EndProject
Project("{9A19103F-16F7-4668-BE54-9A1E7A4F7556}") = "Foundation4", "final\Foundation4\Foundation4.csproj", "{E671CCC1-5992-4C09-9170-B7AA907ABE1D}"
EndProject
Project("{2150E333-8FDC-42A3-9474-1A3956D46DE8}") = "prepare", "prepare", "{6CD57AAD-436F-4EE1-95F5-8A092A883FB9}"
EndProject
Project("{9A19103F-16F7-4668-BE54-9A1E7A4F7556}") = "Learning02", "prepare\Learning02\Learning02.csproj", "{6179AE24-87F0-49B7-823C-744969ED82B4}"
EndProject
Project("{9A19103F-16F7-4668-BE54-9A1E7A4F7556}") = "Learning03", "prepare\Learning03\Learning03.csproj", "{F6BACA6D-8EBA-4414-82B7-2E80FBBE923E}"
EndProject
Project("{9A19103F-16F7-4668-BE54-9A1E7A4F7556}") = "Learning04", "prepare\Learning04\Learning04.csproj", "{7FC4EE94-B96F-4DFC-909C-91186224FB3A}"
EndProject
Project("{9A19103F-16F7-4668-BE54-9A1E7A4F7556}") = "Learning05", "prepare\Learning05\Learning05.csproj", "{304F1940-6CCA-4DD0-82F5-D29DB4320AB3}"
EndProject
Project("{2150E333-8FDC-42A3-9474-1A3956D46DE8}") = "prove", "prove", "{CE0ED8ED-3EB1-4968-988A-4FDFD565FCE4}"
EndProject
Project("{9A19103F-16F7-4668-BE54-9A1E7A4F7556}") = "Develop02", "prove\Develop02\Develop02.csproj", "{01E2D703-CC55-49F2-82E3-6AD419D11FD9}"
EndProject
Project("{9A19103F-16F7-4668-BE54-9A1E7A4F7556}") = "Develop03", "prove\Develop03\Develop03.csproj", "{A175A8B7-711D-470C-8E55-D266D546CFF2}"
EndProject
Project("{9A19103F-16F7-4668-BE54-9A1E7A4F7556}") = "Develop04", "prove\Develop04\Develop04.csproj", "{EF8B8BE3-F6D3-4B81-9289-82D2372E6D2A}"
EndProject
Project("{9A19103F-16F7-4668-BE54-9A1E7A4F7556}") = "Develop05", "prove\Develop05\Develop05.csproj", "{DA83E507-F1C8-4331-89B2-6C653216EF59}"
EndProject
Project("{2150E333-8FDC-42A3-9474-1A3956D46DE8}") = "sandbox", "sandbox", "{836F6EF6-51BB-4B9A-A4A9-691361317C9F}"
EndProject
Project("{9A19103F-16F7-4668-BE54-9A1E7A4F7556}") = "Sandbox", "sandbox\Sandbox\Sandbox.csproj", "{9E9A9E1E-5682-4871-985A-8E3FF44A188F}"
EndProject
Global
	GlobalSection(SolutionConfigurationPlatforms) = preSolution
		Debug|Any CPU = Debug|Any CPU
		Release|Any CPU = Release|Any CPU
	EndGlobalSection
	GlobalSection(ProjectConfigurationPlatforms) = postSolution
		{927E0162-1536-4254-A9DA-76BD4A8CC304}.Debug|Any CPU.ActiveCfg = Debug|Any CPU
		{927E0162-1536-4254-A9DA-76BD4A8CC304}.Debug|Any CPU.Build.0 = Debug|Any CPU
		{927E0162-1536-4254-A9DA-76BD4A8CC304}.Release|Any CPU.ActiveCfg = Release|Any CPU
		{927E0162-1536-4254-A9DA-76BD4A8CC304}.Release|Any CPU.Build.0 = Release|Any CPU
		{C29576B9-263E-40C7-8E41-2A3CB3C4EBAA}.Debug|Any CPU.ActiveCfg = Debug|Any CPU
		{C29576B9-263E-40C7-8E41-2A3CB3C4EBAA}.Debug|Any CPU.Build.0 = Debug|Any CPU
		{C29576B9-263E-40C7-8E41-2A3CB3C4EBAA}.Release|Any CPU.ActiveCfg = Release|Any CPU
		{C29576B9-263E-40C7-8E41-2A3CB3C4EBAA}.Release|Any CPU.Build.0 = Release|Any CPU
		{41D8093E-C8B9-44F0-AA85-967796930FCB}.Debug|Any CPU.ActiveCfg = Debug|Any CPU
		{41D8093E-C8B9-44F0-AA85-967796930FCB}.Debug|Any CPU.Build.0 = Debug|Any CPU
		{41D8093E-C8B9-44F0-AA85-967796930FCB}.Release|Any CPU.ActiveCfg = Release|Any CPU
		{41D8093E-C8B9-44F0-AA85-967796930FCB}.Release|Any CPU.Build.0 = Release|Any CPU
		{516A9C11-5B40-4835-B290-14AEB2B8002F}.Debug|Any CPU.ActiveCfg = Debug|Any CPU
		{516A9C11-5B40-4835-B290-14AEB2B8002F}.Debug|Any CPU.Build.0 = Debug|Any CPU
		{516A9C11-5B40-4835-B290-14AEB2B8002F}.Release|Any CPU.ActiveCfg = Release|Any CPU
		{516A9C11-5B40-4835-B290-14AEB2B8002F}.Release|Any CPU.Build.0 = Release|Any CPU
		{76CD7A7D-81F6-44D9-8915-E1FBD2C71F17}.Debug|Any CPU.ActiveCfg = Debug|Any CPU
		{76CD7A7D-81F6-44D9-8915-E1FBD2C71F17}.Debug|Any CPU.Build.0 = Debug|Any CPU
		{76CD7A7D-81F6-44D9-8915-E1FBD2C71F17}.Release|Any CPU.ActiveCfg = Release|Any CPU
		{76CD7A7D-81F6-44D9-8915-E1FBD2C71F17}.Release|Any CPU.Build.0 = Release|Any CPU
		{90897E2E-ECD3-4E48-A451-2B1D47FFD997}.Debug|Any CPU.ActiveCfg = Debug|Any CPU
		{90897E2E-ECD3-4E48-A451-2B1D47FFD997}.Debug|Any CPU.Build.0 = Debug|Any CPU
		{90897E2E-ECD3-4E48-A451-2B1D47FFD997}.Release|Any CPU.ActiveCfg = Release|Any CPU
		{90897E2E-ECD3-4E48-A451-2B1D47FFD997}.Release|Any CPU.Build.0 = Release|Any CPU
		{EDE55C6B-C158-433F-AAA4-D734319153E5}.Debug|Any CPU.ActiveCfg = Debug|Any CPU
		{EDE55C6B-C158-433F-AAA4-D734319153E5}.Debug|Any CPU.Build.0 = Debug|Any CPU
		{EDE55C6B-C158-433F-AAA4-D734319153E5}.Release|Any CPU.ActiveCfg = Release|Any CPU
		{EDE55C6B-C158-433F-AAA4-D734319153E5}.Release|Any CPU.Build.0 = Release|Any CPU
		{09EA4578-79CD-4BE7-BFE8-E6C1DE1686E0}.Debug|Any CPU.ActiveCfg = Debug|Any CPU
		{09EA4578-79CD-4BE7-BFE8-E6C1DE1686E0}.Debug|Any CPU.Build.0 = Debug|Any CPU
		{09EA4578-79CD-4BE7-BFE8-E6C1DE1686E0}.Release|Any CPU.ActiveCfg = Release|Any CPU
		{09EA4578-79CD-4BE7-BFE8-E6C1DE1686E0}.Release|Any CPU.Build.0 = Release|Any CPU
		{9B83320E-69AC-4229-B6CD-153C9C8127F6}.Debug|Any CPU.ActiveCfg = Debug|Any CPU
		{9B83320E-69AC-4229-B6CD-153C9C8127F6}.Debug|Any CPU.Build.0 = Debug|Any CPU
		{9B83320E-69AC-4229-B6CD-153C9C8127F6}.Release|Any CPU.ActiveCfg = Release|Any CPU
		{9B83320E-69AC-4229-B6CD-153C9C8127F6}.Release|Any CPU.Build.0 = Release|Any CPU
		{E671CCC1-5992-4C09-9170-B7AA907ABE1D}.Debug|Any CPU.ActiveCfg = Debug|Any CPU
		{E671CCC1-5992-4C09-9170-B7AA907ABE1D}.Debug|Any CPU.Build.0 = Debug|Any CPU
		{E671CCC1-5992-4C09-9170-B7AA907ABE1D}.Release|Any CPU.ActiveCfg = Release|Any CPU
		{E671CCC1-5992-4C09-9170-B7AA907ABE1D}.Release|Any CPU.Build.0 = Release|Any CPU
		{6179AE24-87F0-49B7-823C-744969ED82B4}.Debug|Any CPU.ActiveCfg = Debug|Any CPU
		{6179AE24-87F0-49B7-823C-744969ED82B4}.Debug|Any CPU.Build.0 = Debug|Any CPU
		{6179AE24-87F0-49B7-823C-744969ED82B4}.Release|Any CPU.ActiveCfg = Release|Any CPU
		{6179AE24-87F0-49B7-823C-744969ED82B4}.Release|Any CPU.Build.0 = Release|Any CPU
		{F6BACA6D-8EBA-4414-82B7-2E80FBBE923E}.Debug|Any CPU.ActiveCfg = Debug|Any CPU
		{F6BACA6D-8EBA-4414-82B7-2E80FBBE923E}.Debug|Any CPU.Build.0 = Debug|Any CPU
		{F6BACA6D-8EBA-4414-82B7-2E80FBBE923E}.Release|Any CPU.ActiveCfg = Release|Any CPU
		{F6BACA6D-8EBA-4414-82B7-2E80FBBE923E}.Release|Any CPU.Build.0 = Release|Any CPU
		{7FC4EE94-B96F-4DFC-909C-91186224FB3A}.Debug|Any CPU.ActiveCfg = Debug|Any CPU
		{7FC4EE94-B96F-4DFC-909C-91186224FB3A}.Debug|Any CPU.Build.0 = Debug|Any CPU
		{7FC4EE94-B96F-4DFC-909C-91186224FB3A}.Release|Any CPU.ActiveCfg = Release|Any CPU
		{7FC4EE94-B96F-4DFC-909C-91186224FB3A}.Release|Any CPU.Build.0 = Release|Any CPU
		{304F1940-6CCA-4DD0-82F5-D29DB4320AB3}.Debug|Any CPU.ActiveCfg = Debug|Any CPU
		{304F1940-6CCA-4DD0-82F5-D29DB4320AB3}.Debug|Any CPU.Build.0 = Debug|Any CPU
		{304F1940-6CCA-4DD0-82F5-D29DB4320AB3}.Release|Any CPU.ActiveCfg = Release|Any CPU
		{304F1940-6CCA-4DD0-82F5-D29DB4320AB3}.Release|Any CPU.Build.0 = Release|Any CPU
		{01E2D703-CC55-49F2-82E3-6AD419D11FD9}.Debug|Any CPU.ActiveCfg = Debug|Any CPU
		{01E2D703-CC55-49F2-82E3-6AD419D11FD9}.Debug|Any CPU.Build.0 = Debug|Any CPU
		{01E2D703-CC55-49F2-82E3-6AD419D11FD9}.Release|Any CPU.ActiveCfg = Release|Any CPU
		{01E2D703-CC55-49F2-82E3-6AD419D11FD9}.Release|Any CPU.Build.0 = Release|Any CPU
		{A175A8B7-711D-470C-8E55-D266D546CFF2}.Debug|Any CPU.ActiveCfg = Debug|Any CPU
		{A175A8B7-711D-470C-8E55-D266D546CFF2}.Debug|Any CPU.Build.0 = Debug|Any CPU
		{A175A8B7-711D-470C-8E55-D266D546CFF2}.Release|Any CPU.ActiveCfg = Release|Any CPU
		{A175A8B7-711D-470C-8E55-D266D546CFF2}.Release|Any CPU.Build.0 = Release|Any CPU
		{EF8B8BE3-F6D3-4B81-9289-82D2372E6D2A}.Debug|Any CPU.ActiveCfg = Debug|Any CPU
		{EF8B8BE3-F6D3-4B81-9289-82D2372E6D2A}.Debug|Any CPU.Build.0 = Debug|Any CPU
		{EF8B8BE3-F6D3-4B81-9289-82D2372E6D2A}.Release|Any CPU.ActiveCfg = Release|Any CPU
		{EF8B8BE3-F6D3-4B81-9289-82D2372E6D2A}.Release|Any CPU.Build.0 = Release|Any CPU
		{DA83E507-F1C8-4331-89B2-6C653216EF59}.Debug|Any CPU.ActiveCfg = Debug|Any CPU
		{DA83E507-F1C8-4331-89B2-6C653216EF59}.Debug|Any CPU.Build.0 = Debug|Any CPU
		{DA83E507-F1C8-4331-89B2-6C653216EF59}.Release|Any CPU.ActiveCfg = Release|Any CPU
		{DA83E507-F1C8-4331-89B2-6C653216EF59}.Release|Any CPU.Build.0 = Release|Any CPU
		{9E9A9E1E-5682-4871-985A-8E3FF44A188F}.Debug|Any CPU.ActiveCfg = Debug|Any CPU
		{9E9A9E1E-5682-4871-985A-8E3FF44A188F}.Debug|Any CPU.Build.0 = Debug|Any CPU
		{9E9A9E1E-5682-4871-985A-8E3FF44A188F}.Release|Any CPU.ActiveCfg = Release|Any CPU
		{9E9A9E1E-5682-4871-985A-8E3FF44A188F}.Release|Any CPU.Build.0 = Release|Any CPU
	EndGlobalSection
	GlobalSection(SolutionProperties) = preSolution
		HideSolutionNode = FALSE
	EndGlobalSection
	GlobalSection(NestedProjects) = preSolution
		{927E0162-1536-4254-A9DA-76BD4A8CC304} = {CD3B6CE9-182B-431E-BC86-0C9D6BE8B19F}
		{C29576B9-263E-40C7-8E41-2A3CB3C4EBAA} = {CD3B6CE9-182B-431E-BC86-0C9D6BE8B19F}
		{41D8093E-C8B9-44F0-AA85-967796930FCB} = {CD3B6CE9-182B-431E-BC86-0C9D6BE8B19F}
		{516A9C11-5B40-4835-B290-14AEB2B8002F} = {CD3B6CE9-182B-431E-BC86-0C9D6BE8B19F}
		{76CD7A7D-81F6-44D9-8915-E1FBD2C71F17} = {CD3B6CE9-182B-431E-BC86-0C9D6BE8B19F}
		{90897E2E-ECD3-4E48-A451-2B1D47FFD997} = {EBD74BBA-80A7-428C-85AB-DAE21EB65A0D}
		{EDE55C6B-C158-433F-AAA4-D734319153E5} = {EBD74BBA-80A7-428C-85AB-DAE21EB65A0D}
		{09EA4578-79CD-4BE7-BFE8-E6C1DE1686E0} = {EBD74BBA-80A7-428C-85AB-DAE21EB65A0D}
		{9B83320E-69AC-4229-B6CD-153C9C8127F6} = {EBD74BBA-80A7-428C-85AB-DAE21EB65A0D}
		{E671CCC1-5992-4C09-9170-B7AA907ABE1D} = {EBD74BBA-80A7-428C-85AB-DAE21EB65A0D}
		{6179AE24-87F0-49B7-823C-744969ED82B4} = {6CD57AAD-436F-4EE1-95F5-8A092A883FB9}
		{F6BACA6D-8EBA-4414-82B7-2E80FBBE923E} = {6CD57AAD-436F-4EE1-95F5-8A092A883FB9}
		{7FC4EE94-B96F-4DFC-909C-91186224FB3A} = {6CD57AAD-436F-4EE1-95F5-8A092A883FB9}
		{304F1940-6CCA-4DD0-82F5-D29DB4320AB3} = {6CD57AAD-436F-4EE1-95F5-8A092A883FB9}
		{01E2D703-CC55-49F2-82E3-6AD419D11FD9} = {CE0ED8ED-3EB1-4968-988A-4FDFD565FCE4}
		{A175A8B7-711D-470C-8E55-D266D546CFF2} = {CE0ED8ED-3EB1-4968-988A-4FDFD565FCE4}
		{EF8B8BE3-F6D3-4B81-9289-82D2372E6D2A} = {CE0ED8ED-3EB1-4968-988A-4FDFD565FCE4}
		{DA83E507-F1C8-4331-89B2-6C653216EF59} = {CE0ED8ED-3EB1-4968-988A-4FDFD565FCE4}
		{9E9A9E1E-5682-4871-985A-8E3FF44A188F} = {836F6EF6-51BB-4B9A-A4A9-691361317C9F}
	EndGlobalSection
	GlobalSection(ExtensibilityGlobals) = postSolution
		SolutionGuid = {F5D86D75-640A-4E94-8023-844996CC3ACF}
	EndGlobalSection
EndGlobal
